{
  "version": 1,
  "dependencies": {
    ".NETCoreApp,Version=v3.1": {
      "docfx.console": {
        "type": "Direct",
        "requested": "[2.59.0, )",
        "resolved": "2.59.0",
        "contentHash": "OmHpFa3TGrvWC5371OV5PJxhoOsJH6xSrTCb/rght10XMIdtNRR4VDuHVkBIS1YfpgDx/5gBYCtkmVDWjjj0ig=="
      }
    }
  }
}