{
  "version": 1,
  "dependencies": {
    ".NETCoreApp,Version=v2.0": {
      "docfx.console": {
        "type": "Direct",
        "requested": "[2.55.0, )",
        "resolved": "2.55.0",
        "contentHash": "DY5Fu+PxILSc0VnCI3sHHI7bhVwhm0a6HGqfhdKuAqdQQnH5Ip01JyaIVdiz8SrbgsWbf+aXr/+d/Ro218lq9w=="
      },
      "Microsoft.NETCore.App": {
        "type": "Direct",
        "requested": "[2.0.0, )",
        "resolved": "2.0.0",
        "contentHash": "/mzXF+UtZef+VpzzN88EpvFq5U6z4rj54ZMq/J968H6pcvyLOmcupmTRpJ3CJm8ILoCGh9WI7qpDdiKtuzswrQ==",
        "dependencies": {
          "Microsoft.NETCore.DotNetHostPolicy": "2.0.0",
          "Microsoft.NETCore.Platforms": "2.0.0",
          "NETStandard.Library": "2.0.0"
        }
      },
      "Microsoft.NETCore.DotNetAppHost": {
        "type": "Transitive",
        "resolved": "2.0.0",
        "contentHash": "L4GGkcI/Mxl8PKLRpFdGmLb5oI8sGIR05bDTGkzCoamAjdUl1Zhkov2swjEsZvKYT8kkdiz39LtwyGYuCJxm1A=="
      },
      "Microsoft.NETCore.DotNetHostPolicy": {
        "type": "Transitive",
        "resolved": "2.0.0",
        "contentHash": "rm7mMn0A93fwyAwVhbyOCcPuu2hZNL0A0dAur9sNG9pEkONPfCEQeF7m2mC8KpqZO0Ol6tpV5J0AF3HTXT3GXA==",
        "dependencies": {
          "Microsoft.NETCore.DotNetHostResolver": "2.0.0"
        }
      },
      "Microsoft.NETCore.DotNetHostResolver": {
        "type": "Transitive",
        "resolved": "2.0.0",
        "contentHash": "uBbjpeSrwsaTCADZCzRk+3aBzNnMqkC4zftJWBsL+Zk+8u+W+/lMb2thM5Y4hiVrv1YQg9t6dKldXzOKkY+pQw==",
        "dependencies": {
          "Microsoft.NETCore.DotNetAppHost": "2.0.0"
        }
      },
      "Microsoft.NETCore.Platforms": {
        "type": "Transitive",
        "resolved": "2.0.0",
        "contentHash": "VdLJOCXhZaEMY7Hm2GKiULmn7IEPFE4XC5LPSfBVCUIA8YLZVh846gtfBJalsPQF2PlzdD7ecX7DZEulJ402ZQ=="
      },
      "NETStandard.Library": {
        "type": "Transitive",
        "resolved": "2.0.0",
        "contentHash": "7jnbRU+L08FXKMxqUflxEXtVymWvNOrS8yHgu9s6EM8Anr6T/wIX4nZ08j/u3Asz+tCufp3YVwFSEvFTPYmBPA==",
        "dependencies": {
          "Microsoft.NETCore.Platforms": "1.1.0"
        }
      }
    }
  }
}