{
  "version": 1,
  "dependencies": {
    ".NETCoreApp,Version=v3.1": {
      "docfx.console": {
        "type": "Direct",
        "requested": "[2.55.0, )",
        "resolved": "2.55.0",
        "contentHash": "DY5Fu+PxILSc0VnCI3sHHI7bhVwhm0a6HGqfhdKuAqdQQnH5Ip01JyaIVdiz8SrbgsWbf+aXr/+d/Ro218lq9w=="
      }
    }
  }
}